
Microsoft Visual Studio Solution File, Format Version 12.00
# Visual Studio Version 16
VisualStudioVersion = 16.0.31005.135
MinimumVisualStudioVersion = 10.0.40219.1
Project("{FAE04EC0-301F-11D3-BF4B-00C04F79EFBC}") = "3", "3.csproj", "{92280B34-3421-417D-9590-3834FACD8E11}"
EndProject
Global
	GlobalSection(SolutionConfigurationPlatforms) = preSolution
		Debug|Any CPU = Debug|Any CPU
		Release|Any CPU = Release|Any CPU
	EndGlobalSection
	GlobalSection(ProjectConfigurationPlatforms) = postSolution
		{92280B34-3421-417D-9590-3834FACD8E11}.Debug|Any CPU.ActiveCfg = Debug|Any CPU
		{92280B34-3421-417D-9590-3834FACD8E11}.Debug|Any CPU.Build.0 = Debug|Any CPU
		{92280B34-3421-417D-9590-3834FACD8E11}.Release|Any CPU.ActiveCfg = Release|Any CPU
		{92280B34-3421-417D-9590-3834FACD8E11}.Release|Any CPU.Build.0 = Release|Any CPU
	EndGlobalSection
	GlobalSection(SolutionProperties) = preSolution
		HideSolutionNode = FALSE
	EndGlobalSection
	GlobalSection(ExtensibilityGlobals) = postSolution
		SolutionGuid = {8B586FB4-18B7-44AD-826F-3A536BDA8126}
	EndGlobalSection
EndGlobal
